
Microsoft Visual Studio Solution File, Format Version 12.00
# Visual Studio 15
VisualStudioVersion = 15.0.27703.2035
MinimumVisualStudioVersion = 10.0.40219.1
Project("{FAE04EC0-301F-11D3-BF4B-00C04F79EFBC}") = "Sample.AppServer", "Sample.AppServer\Sample.AppServer.csproj", "{D197021D-33B2-432F-AACF-776AAE060A93}"
EndProject
Project("{FAE04EC0-301F-11D3-BF4B-00C04F79EFBC}") = "Sample.Client", "Sample.Client\Sample.Client.csproj", "{0856D62E-CF0B-45F6-A3FB-297559DF95E1}"
	ProjectSection(ProjectDependencies) = postProject
		{D197021D-33B2-432F-AACF-776AAE060A93} = {D197021D-33B2-432F-AACF-776AAE060A93}
	EndProjectSection
EndProject
Global
	GlobalSection(SolutionConfigurationPlatforms) = preSolution
		Debug|Any CPU = Debug|Any CPU
		Release|Any CPU = Release|Any CPU
	EndGlobalSection
	GlobalSection(ProjectConfigurationPlatforms) = postSolution
		{D197021D-33B2-432F-AACF-776AAE060A93}.Debug|Any CPU.ActiveCfg = Debug|Any CPU
		{D197021D-33B2-432F-AACF-776AAE060A93}.Debug|Any CPU.Build.0 = Debug|Any CPU
		{D197021D-33B2-432F-AACF-776AAE060A93}.Release|Any CPU.ActiveCfg = Release|Any CPU
		{D197021D-33B2-432F-AACF-776AAE060A93}.Release|Any CPU.Build.0 = Release|Any CPU
		{0856D62E-CF0B-45F6-A3FB-297559DF95E1}.Debug|Any CPU.ActiveCfg = Debug|Any CPU
		{0856D62E-CF0B-45F6-A3FB-297559DF95E1}.Debug|Any CPU.Build.0 = Debug|Any CPU
		{0856D62E-CF0B-45F6-A3FB-297559DF95E1}.Release|Any CPU.ActiveCfg = Release|Any CPU
		{0856D62E-CF0B-45F6-A3FB-297559DF95E1}.Release|Any CPU.Build.0 = Release|Any CPU
	EndGlobalSection
	GlobalSection(SolutionProperties) = preSolution
		HideSolutionNode = FALSE
	EndGlobalSection
	GlobalSection(ExtensibilityGlobals) = postSolution
		SolutionGuid = {A53F6D49-7B54-4DB2-B447-98698E70B34E}
	EndGlobalSection
EndGlobal
